<?xml version="1.0" encoding="utf-8"?>
<Project ToolsVersion="4.0" xmlns="http://schemas.microsoft.com/developer/msbuild/2003">
  <ItemGroup>
    <Filter Include="头文件">
      <UniqueIdentifier>{87f41f48-8c17-43b9-b37a-781c69be7b31}</UniqueIdentifier>
    </Filter>
    <Filter Include="源文件">
      <UniqueIdentifier>{050aa08e-3ca4-464b-8482-3535701cce6d}</UniqueIdentifier>
    </Filter>
  </ItemGroup>
  <ItemGroup>
    <ClCompile Include="CPP\Main.cpp" />
    <ClCompile Include="CPP\APIMain.cpp" />
  </ItemGroup>
  <ItemGroup>
    <ClInclude Include="Head\Camera.h">
      <Filter>头文件</Filter>
    </ClInclude>
    <ClInclude Include="Head\LoadShader.h">
      <Filter>头文件</Filter>
    </ClInclude>
  </ItemGroup>
</Project>